<?xml version="1.0" encoding="utf-8"?>
<Project ToolsVersion="4.0" xmlns="http://schemas.microsoft.com/developer/msbuild/2003">
  <ItemGroup>
    <ClCompile Include="..\..\..\..\tests\test_main.cpp" />
    <ClCompile Include="..\..\..\..\tests\test_example.cpp">
      <Filter>example</Filter>
    </ClCompile>
    <ClCompile Include="..\..\..\..\tests\pinter.cpp">
      <Filter>src</Filter>
    </ClCompile>
    <ClCompile Include="..\..\..\..\tests\chess_figure.cpp">
      <Filter>src</Filter>
    </ClCompile>
    <ClCompile Include="..\..\..\..\tests\chess_factory.cpp">
      <Filter>src</Filter>
    </ClCompile>
    <ClCompile Include="..\..\..\..\tests\address.cpp">
      <Filter>src</Filter>
    </ClCompile>
    <ClCompile Include="..\..\..\..\tests\DoubleLinkedList.cpp">
      <Filter>src</Filter>
    </ClCompile>
    <ClCompile Include="..\..\..\..\tests\vector.cpp">
      <Filter>src</Filter>
    </ClCompile>
    <ClCompile Include="..\..\..\..\tests\task.cpp">
      <Filter>src</Filter>
    </ClCompile>
    <ClCompile Include="..\..\..\..\tests\ring_buffer.cpp">
      <Filter>src</Filter>
    </ClCompile>
    <ClCompile Include="..\..\..\..\tests\card.cpp">
      <Filter>src</Filter>
    </ClCompile>
    <ClCompile Include="..\..\..\..\tests\card_factory.cpp">
      <Filter>src</Filter>
    </ClCompile>
    <ClCompile Include="..\..\..\..\tests\stack.cpp">
      <Filter>src</Filter>
    </ClCompile>
    <ClCompile Include="..\..\..\..\tests\theorie.cpp">
      <Filter>Theorie</Filter>
    </ClCompile>
  </ItemGroup>
  <ItemGroup>
    <Filter Include="example">
      <UniqueIdentifier>{76618d2e-7f5a-4bd5-bb56-9601e4e65100}</UniqueIdentifier>
    </Filter>
    <Filter Include="src">
      <UniqueIdentifier>{d0951120-2584-4d03-b96f-d80a5a2aeb20}</UniqueIdentifier>
    </Filter>
    <Filter Include="headers">
      <UniqueIdentifier>{b0b41e84-3b09-44f7-a1a1-6046538adb73}</UniqueIdentifier>
    </Filter>
    <Filter Include="Theorie">
      <UniqueIdentifier>{d8302351-6854-4860-bf62-7782bf4fb814}</UniqueIdentifier>
    </Filter>
  </ItemGroup>
  <ItemGroup>
    <ClInclude Include="..\..\..\..\tests\pinter.h">
      <Filter>headers</Filter>
    </ClInclude>
    <ClInclude Include="..\..\..\..\tests\chess_factory.h">
      <Filter>headers</Filter>
    </ClInclude>
    <ClInclude Include="..\..\..\..\tests\chess_figure.h">
      <Filter>headers</Filter>
    </ClInclude>
    <ClInclude Include="..\..\..\..\tests\address.h">
      <Filter>headers</Filter>
    </ClInclude>
    <ClInclude Include="..\..\..\..\tests\DoubleLinkedList.h">
      <Filter>headers</Filter>
    </ClInclude>
    <ClInclude Include="..\..\..\..\tests\vector.h">
      <Filter>headers</Filter>
    </ClInclude>
    <ClInclude Include="..\..\..\..\tests\task.h">
      <Filter>headers</Filter>
    </ClInclude>
    <ClInclude Include="..\..\..\..\tests\ring_buffer.h">
      <Filter>headers</Filter>
    </ClInclude>
    <ClInclude Include="..\..\..\..\tests\card.h">
      <Filter>headers</Filter>
    </ClInclude>
    <ClInclude Include="..\..\..\..\tests\card_factory.h">
      <Filter>headers</Filter>
    </ClInclude>
    <ClInclude Include="..\..\..\..\tests\stack.h">
      <Filter>headers</Filter>
    </ClInclude>
  </ItemGroup>
</Project>